
Microsoft Visual Studio Solution File, Format Version 12.00
# Visual Studio Version 16
VisualStudioVersion = 16.0.29709.97
MinimumVisualStudioVersion = 10.0.40219.1
Project("{FAE04EC0-301F-11D3-BF4B-00C04F79EFBC}") = "DeliveryCenterPrintNouhin", "DeliveryCenterPrintNouhin.csproj", "{83711713-F12B-4387-97AE-1F2635B1C7D1}"
EndProject
Project("{FAE04EC0-301F-11D3-BF4B-00C04F79EFBC}") = "PrintPreview", "..\..\CommonDialog\PrintPreview\PrintPreview.csproj", "{C5BDDEC3-73B6-4E14-B99C-D75D987A08B5}"
EndProject
Project("{FAE04EC0-301F-11D3-BF4B-00C04F79EFBC}") = "Progress", "..\..\CommonDialog\Progress\Progress.csproj", "{A8996218-3F6D-40E0-8748-5FE47C268492}"
EndProject
Project("{FAE04EC0-301F-11D3-BF4B-00C04F79EFBC}") = "CommonLib", "..\..\..\Library\CommonLib\CommonLib.csproj", "{F6F244A5-2379-416A-A321-4074EF6BEB8C}"
EndProject
Project("{FAE04EC0-301F-11D3-BF4B-00C04F79EFBC}") = "MwsLib", "..\..\..\Library\MwsLib\MwsLib.csproj", "{DBCBF3F6-889C-4DD9-91EA-A2527AACEDE6}"
EndProject
Global
	GlobalSection(SolutionConfigurationPlatforms) = preSolution
		Debug|Any CPU = Debug|Any CPU
		Release|Any CPU = Release|Any CPU
	EndGlobalSection
	GlobalSection(ProjectConfigurationPlatforms) = postSolution
		{83711713-F12B-4387-97AE-1F2635B1C7D1}.Debug|Any CPU.ActiveCfg = Debug|Any CPU
		{83711713-F12B-4387-97AE-1F2635B1C7D1}.Debug|Any CPU.Build.0 = Debug|Any CPU
		{83711713-F12B-4387-97AE-1F2635B1C7D1}.Release|Any CPU.ActiveCfg = Release|Any CPU
		{83711713-F12B-4387-97AE-1F2635B1C7D1}.Release|Any CPU.Build.0 = Release|Any CPU
		{C5BDDEC3-73B6-4E14-B99C-D75D987A08B5}.Debug|Any CPU.ActiveCfg = Debug|Any CPU
		{C5BDDEC3-73B6-4E14-B99C-D75D987A08B5}.Debug|Any CPU.Build.0 = Debug|Any CPU
		{C5BDDEC3-73B6-4E14-B99C-D75D987A08B5}.Release|Any CPU.ActiveCfg = Release|Any CPU
		{C5BDDEC3-73B6-4E14-B99C-D75D987A08B5}.Release|Any CPU.Build.0 = Release|Any CPU
		{A8996218-3F6D-40E0-8748-5FE47C268492}.Debug|Any CPU.ActiveCfg = Debug|Any CPU
		{A8996218-3F6D-40E0-8748-5FE47C268492}.Debug|Any CPU.Build.0 = Debug|Any CPU
		{A8996218-3F6D-40E0-8748-5FE47C268492}.Release|Any CPU.ActiveCfg = Release|Any CPU
		{A8996218-3F6D-40E0-8748-5FE47C268492}.Release|Any CPU.Build.0 = Release|Any CPU
		{F6F244A5-2379-416A-A321-4074EF6BEB8C}.Debug|Any CPU.ActiveCfg = Debug|Any CPU
		{F6F244A5-2379-416A-A321-4074EF6BEB8C}.Debug|Any CPU.Build.0 = Debug|Any CPU
		{F6F244A5-2379-416A-A321-4074EF6BEB8C}.Release|Any CPU.ActiveCfg = Release|Any CPU
		{F6F244A5-2379-416A-A321-4074EF6BEB8C}.Release|Any CPU.Build.0 = Release|Any CPU
		{DBCBF3F6-889C-4DD9-91EA-A2527AACEDE6}.Debug|Any CPU.ActiveCfg = Debug|Any CPU
		{DBCBF3F6-889C-4DD9-91EA-A2527AACEDE6}.Debug|Any CPU.Build.0 = Debug|Any CPU
		{DBCBF3F6-889C-4DD9-91EA-A2527AACEDE6}.Release|Any CPU.ActiveCfg = Release|Any CPU
		{DBCBF3F6-889C-4DD9-91EA-A2527AACEDE6}.Release|Any CPU.Build.0 = Release|Any CPU
	EndGlobalSection
	GlobalSection(SolutionProperties) = preSolution
		HideSolutionNode = FALSE
	EndGlobalSection
	GlobalSection(ExtensibilityGlobals) = postSolution
		SolutionGuid = {F0C51806-0EE8-4FB8-89EF-843133FDA104}
	EndGlobalSection
EndGlobal
