
Microsoft Visual Studio Solution File, Format Version 12.00
# Visual Studio Version 16
VisualStudioVersion = 16.0.31112.23
MinimumVisualStudioVersion = 10.0.40219.1
Project("{FAE04EC0-301F-11D3-BF4B-00C04F79EFBC}") = "WonderEstimateExcel", "WonderEstimateExcel.csproj", "{67C7BD55-4D1B-4521-AB67-E6CFE945042F}"
EndProject
Global
	GlobalSection(SolutionConfigurationPlatforms) = preSolution
		Debug|Any CPU = Debug|Any CPU
		Release|Any CPU = Release|Any CPU
	EndGlobalSection
	GlobalSection(ProjectConfigurationPlatforms) = postSolution
		{67C7BD55-4D1B-4521-AB67-E6CFE945042F}.Debug|Any CPU.ActiveCfg = Debug|Any CPU
		{67C7BD55-4D1B-4521-AB67-E6CFE945042F}.Debug|Any CPU.Build.0 = Debug|Any CPU
		{67C7BD55-4D1B-4521-AB67-E6CFE945042F}.Release|Any CPU.ActiveCfg = Release|Any CPU
		{67C7BD55-4D1B-4521-AB67-E6CFE945042F}.Release|Any CPU.Build.0 = Release|Any CPU
	EndGlobalSection
	GlobalSection(SolutionProperties) = preSolution
		HideSolutionNode = FALSE
	EndGlobalSection
	GlobalSection(ExtensibilityGlobals) = postSolution
		SolutionGuid = {4813F572-43CA-4E11-9C01-FCF075F57EFB}
	EndGlobalSection
EndGlobal
