
Microsoft Visual Studio Solution File, Format Version 12.00
# Visual Studio Version 16
VisualStudioVersion = 16.0.30621.155
MinimumVisualStudioVersion = 10.0.40219.1
Project("{FAE04EC0-301F-11D3-BF4B-00C04F79EFBC}") = "AlmexMainteEarningsFile", "AlmexMainteEarningsFile.csproj", "{8B39456A-F9AD-4DE8-9216-22D92F55B52E}"
EndProject
Project("{FAE04EC0-301F-11D3-BF4B-00C04F79EFBC}") = "CommonLib", "..\..\..\Library\CommonLib\CommonLib.csproj", "{F6F244A5-2379-416A-A321-4074EF6BEB8C}"
EndProject
Project("{FAE04EC0-301F-11D3-BF4B-00C04F79EFBC}") = "MwsLib", "..\..\..\Library\MwsLib\MwsLib.csproj", "{DBCBF3F6-889C-4DD9-91EA-A2527AACEDE6}"
EndProject
Global
	GlobalSection(SolutionConfigurationPlatforms) = preSolution
		Debug|Any CPU = Debug|Any CPU
		Release|Any CPU = Release|Any CPU
	EndGlobalSection
	GlobalSection(ProjectConfigurationPlatforms) = postSolution
		{8B39456A-F9AD-4DE8-9216-22D92F55B52E}.Debug|Any CPU.ActiveCfg = Debug|Any CPU
		{8B39456A-F9AD-4DE8-9216-22D92F55B52E}.Debug|Any CPU.Build.0 = Debug|Any CPU
		{8B39456A-F9AD-4DE8-9216-22D92F55B52E}.Release|Any CPU.ActiveCfg = Release|Any CPU
		{8B39456A-F9AD-4DE8-9216-22D92F55B52E}.Release|Any CPU.Build.0 = Release|Any CPU
		{F6F244A5-2379-416A-A321-4074EF6BEB8C}.Debug|Any CPU.ActiveCfg = Debug|Any CPU
		{F6F244A5-2379-416A-A321-4074EF6BEB8C}.Debug|Any CPU.Build.0 = Debug|Any CPU
		{F6F244A5-2379-416A-A321-4074EF6BEB8C}.Release|Any CPU.ActiveCfg = Release|Any CPU
		{F6F244A5-2379-416A-A321-4074EF6BEB8C}.Release|Any CPU.Build.0 = Release|Any CPU
		{DBCBF3F6-889C-4DD9-91EA-A2527AACEDE6}.Debug|Any CPU.ActiveCfg = Debug|Any CPU
		{DBCBF3F6-889C-4DD9-91EA-A2527AACEDE6}.Debug|Any CPU.Build.0 = Debug|Any CPU
		{DBCBF3F6-889C-4DD9-91EA-A2527AACEDE6}.Release|Any CPU.ActiveCfg = Release|Any CPU
		{DBCBF3F6-889C-4DD9-91EA-A2527AACEDE6}.Release|Any CPU.Build.0 = Release|Any CPU
	EndGlobalSection
	GlobalSection(SolutionProperties) = preSolution
		HideSolutionNode = FALSE
	EndGlobalSection
	GlobalSection(ExtensibilityGlobals) = postSolution
		SolutionGuid = {0666CF75-7704-4549-9E43-593D63E24BEF}
	EndGlobalSection
EndGlobal
