
Microsoft Visual Studio Solution File, Format Version 12.00
# Visual Studio Version 16
VisualStudioVersion = 16.0.32228.343
MinimumVisualStudioVersion = 10.0.40219.1
Project("{FAE04EC0-301F-11D3-BF4B-00C04F79EFBC}") = "EntryMemo", "EntryMemo.csproj", "{DAD63B18-F26A-48B9-8104-40EFC52BD079}"
EndProject
Project("{FAE04EC0-301F-11D3-BF4B-00C04F79EFBC}") = "CommonLib", "..\..\..\Library\CommonLib\CommonLib.csproj", "{F6F244A5-2379-416A-A321-4074EF6BEB8C}"
EndProject
Project("{FAE04EC0-301F-11D3-BF4B-00C04F79EFBC}") = "MwsLib", "..\..\..\Library\MwsLib\MwsLib.csproj", "{DBCBF3F6-889C-4DD9-91EA-A2527AACEDE6}"
EndProject
Global
	GlobalSection(SolutionConfigurationPlatforms) = preSolution
		Debug|Any CPU = Debug|Any CPU
		Release|Any CPU = Release|Any CPU
	EndGlobalSection
	GlobalSection(ProjectConfigurationPlatforms) = postSolution
		{DAD63B18-F26A-48B9-8104-40EFC52BD079}.Debug|Any CPU.ActiveCfg = Debug|Any CPU
		{DAD63B18-F26A-48B9-8104-40EFC52BD079}.Debug|Any CPU.Build.0 = Debug|Any CPU
		{DAD63B18-F26A-48B9-8104-40EFC52BD079}.Release|Any CPU.ActiveCfg = Release|Any CPU
		{DAD63B18-F26A-48B9-8104-40EFC52BD079}.Release|Any CPU.Build.0 = Release|Any CPU
		{F6F244A5-2379-416A-A321-4074EF6BEB8C}.Debug|Any CPU.ActiveCfg = Debug|Any CPU
		{F6F244A5-2379-416A-A321-4074EF6BEB8C}.Debug|Any CPU.Build.0 = Debug|Any CPU
		{F6F244A5-2379-416A-A321-4074EF6BEB8C}.Release|Any CPU.ActiveCfg = Release|Any CPU
		{F6F244A5-2379-416A-A321-4074EF6BEB8C}.Release|Any CPU.Build.0 = Release|Any CPU
		{DBCBF3F6-889C-4DD9-91EA-A2527AACEDE6}.Debug|Any CPU.ActiveCfg = Debug|Any CPU
		{DBCBF3F6-889C-4DD9-91EA-A2527AACEDE6}.Debug|Any CPU.Build.0 = Debug|Any CPU
		{DBCBF3F6-889C-4DD9-91EA-A2527AACEDE6}.Release|Any CPU.ActiveCfg = Release|Any CPU
		{DBCBF3F6-889C-4DD9-91EA-A2527AACEDE6}.Release|Any CPU.Build.0 = Release|Any CPU
	EndGlobalSection
	GlobalSection(SolutionProperties) = preSolution
		HideSolutionNode = FALSE
	EndGlobalSection
	GlobalSection(ExtensibilityGlobals) = postSolution
		SolutionGuid = {B5427076-4A2B-4E6C-994A-BB57E0EDB578}
	EndGlobalSection
EndGlobal
